PODS:
  - ErrorKit (0.3.1):
    - ErrorKit/Default (= 0.3.1)
  - ErrorKit/Additions (0.3.1):
    - ErrorKit/UIKit
  - ErrorKit/Core (0.3.1)
  - ErrorKit/Default (0.3.1):
    - ErrorKit/Additions
    - ErrorKit/HTTP
    - ErrorKit/JSONValues
    - ErrorKit/NSException
  - ErrorKit/HTTP (0.3.1):
    - ErrorKit/Core
  - ErrorKit/JSONValues (0.3.1):
    - ErrorKit/NSException
  - ErrorKit/NSException (0.3.1):
    - ErrorKit/Core
  - ErrorKit/UIKit (0.3.1):
    - ErrorKit/Core
  - MRDetectBpmOperation (0.0.1):
    - MRDetectBpmOperation/Operation (= 0.0.1)
  - MRDetectBpmOperation/Operation (0.0.1):
    - MRDetectBpmOperation/SoundTouch
    - MROperation (~> 0.0.1)
  - MRDetectBpmOperation/SoundTouch (0.0.1)
  - MROperation (0.0.1)

DEPENDENCIES:
  - ErrorKit
  - MRDetectBpmOperation (from `../`)

EXTERNAL SOURCES:
  MRDetectBpmOperation:
    :path: ../

SPEC CHECKSUMS:
  ErrorKit: c09a578bf6e11ba2eb35d7f7295014d8c355cf11
  MRDetectBpmOperation: 20d53140a7d0498a54b5ab8a70c3ba6ba8a7f2e3
  MROperation: f24d6abf14c287604459dca501dfa476ad27661a

COCOAPODS: 0.38.2
